
Microsoft Visual Studio Solution File, Format Version 12.00
# Visual Studio Version 16
VisualStudioVersion = 16.0.29123.88
MinimumVisualStudioVersion = 10.0.40219.1
Project("{FAE04EC0-301F-11D3-BF4B-00C04F79EFBC}") = "AutoService", "src\AutoService\AutoService.csproj", "{B6BAA1F3-61A2-43BD-AC55-4DCB822839C0}"
EndProject
Project("{FAE04EC0-301F-11D3-BF4B-00C04F79EFBC}") = "AutoService.Test", "test\AutoService.Test\AutoService.Test.csproj", "{ED613A9A-2C3C-4AE6-9191-4A53C5A9ABF6}"
EndProject
Global
	GlobalSection(SolutionConfigurationPlatforms) = preSolution
		Debug|Any CPU = Debug|Any CPU
		Release|Any CPU = Release|Any CPU
	EndGlobalSection
	GlobalSection(ProjectConfigurationPlatforms) = postSolution
		{B6BAA1F3-61A2-43BD-AC55-4DCB822839C0}.Debug|Any CPU.ActiveCfg = Debug|Any CPU
		{B6BAA1F3-61A2-43BD-AC55-4DCB822839C0}.Debug|Any CPU.Build.0 = Debug|Any CPU
		{B6BAA1F3-61A2-43BD-AC55-4DCB822839C0}.Release|Any CPU.ActiveCfg = Release|Any CPU
		{B6BAA1F3-61A2-43BD-AC55-4DCB822839C0}.Release|Any CPU.Build.0 = Release|Any CPU
		{ED613A9A-2C3C-4AE6-9191-4A53C5A9ABF6}.Debug|Any CPU.ActiveCfg = Debug|Any CPU
		{ED613A9A-2C3C-4AE6-9191-4A53C5A9ABF6}.Debug|Any CPU.Build.0 = Debug|Any CPU
		{ED613A9A-2C3C-4AE6-9191-4A53C5A9ABF6}.Release|Any CPU.ActiveCfg = Release|Any CPU
		{ED613A9A-2C3C-4AE6-9191-4A53C5A9ABF6}.Release|Any CPU.Build.0 = Release|Any CPU
	EndGlobalSection
	GlobalSection(SolutionProperties) = preSolution
		HideSolutionNode = FALSE
	EndGlobalSection
	GlobalSection(ExtensibilityGlobals) = postSolution
		SolutionGuid = {940F1F87-4449-48D3-81E6-9E75FB82E037}
	EndGlobalSection
EndGlobal
